
Microsoft Visual Studio Solution File, Format Version 10.00
# Visual Studio 2008
Project("{FAE04EC0-301F-11D3-BF4B-00C04F79EFBC}") = "LiveNation.Testing.Example", "LiveNation.Testing.Example\LiveNation.Testing.Example.csproj", "{9D0C5F51-CCEC-4D66-9EC2-84DFA889B7E7}"
EndProject
Project("{2150E333-8FDC-42A3-9474-1A3956D46DE8}") = "Tests", "Tests", "{F2FD0A11-E7C0-4AD2-AECD-46D1FFB04CD2}"
EndProject
Project("{2150E333-8FDC-42A3-9474-1A3956D46DE8}") = "UnitTests", "UnitTests", "{526404F2-F573-4B8F-9401-1978C5FD40D4}"
EndProject
Project("{2150E333-8FDC-42A3-9474-1A3956D46DE8}") = "ExampleProjects", "ExampleProjects", "{5C32D044-CCE9-4053-A7E5-318EEC282AEF}"
EndProject
Project("{2150E333-8FDC-42A3-9474-1A3956D46DE8}") = "Selenium", "Selenium", "{DC01988E-6AE3-4F0C-A1FF-83639253C4CA}"
EndProject
Project("{FAE04EC0-301F-11D3-BF4B-00C04F79EFBC}") = "LiveNation.Bowling", "LiveNation.Bowling\LiveNation.Bowling.csproj", "{3E47656F-F7EA-4170-A665-E9B79D38E89B}"
EndProject
Project("{FAE04EC0-301F-11D3-BF4B-00C04F79EFBC}") = "LiveNation.Testing.AcceptanceTests", "LiveNation.Testing.Release.2.3.AcceptanceTests\LiveNation.Testing.AcceptanceTests.csproj", "{8169E843-781A-4609-9F44-7C856A7CBAF0}"
EndProject
Project("{2150E333-8FDC-42A3-9474-1A3956D46DE8}") = "Src", "Src", "{65D8D529-229F-46E7-8773-185EED1A0CA7}"
EndProject
Project("{FAE04EC0-301F-11D3-BF4B-00C04F79EFBC}") = "LiveNation.Testing.Domain", "LiveNation.Testing.Domain\LiveNation.Testing.Domain.csproj", "{62D4DDAE-41E1-4ECE-BF5E-DBA2BBDAA349}"
EndProject
Project("{FAE04EC0-301F-11D3-BF4B-00C04F79EFBC}") = "LiveNation.Testing.SmokeTests", "LiveNation.Testing.SmokeTests\LiveNation.Testing.SmokeTests.csproj", "{325C8F69-FA7D-4344-94DB-2D6A9F85AF21}"
EndProject
Project("{FAE04EC0-301F-11D3-BF4B-00C04F79EFBC}") = "LiveNation.Testing.NBehave", "LiveNation.Testing.NBehave\LiveNation.Testing.NBehave.csproj", "{0245CA1D-C29B-45F8-910D-E78991E389A5}"
EndProject
Project("{FAE04EC0-301F-11D3-BF4B-00C04F79EFBC}") = "LiveNation.Testing.Selenium", "LiveNation.Testing.Selenium\LiveNation.Testing.Selenium.csproj", "{AC711364-E391-4A7C-A348-0454AF7FFB85}"
EndProject
Project("{FAE04EC0-301F-11D3-BF4B-00C04F79EFBC}") = "LiveNation.Testing.AcceptanceTests.General", "LiveNation.Testing.AcceptanceTests.General\LiveNation.Testing.AcceptanceTests.General.csproj", "{6C5E0325-FEBB-44C5-9AE6-CF49B2C423D6}"
EndProject
Project("{2150E333-8FDC-42A3-9474-1A3956D46DE8}") = "Installers", "Installers", "{72B3C5C2-0E87-4FE7-AB41-C19C0C253C70}"
EndProject
Project("{54435603-DBB4-11D2-8724-00A0C9A8B90C}") = "LiveNation.Testing.NBehave.Installer", "LiveNation.Testing.NBehave.Installer\Setup1.vdproj", "{487EDE17-D4C9-4C89-BBF6-FABECE95B7FE}"
EndProject
Global
	GlobalSection(SolutionConfigurationPlatforms) = preSolution
		Debug|Any CPU = Debug|Any CPU
		Release|Any CPU = Release|Any CPU
	EndGlobalSection
	GlobalSection(ProjectConfigurationPlatforms) = postSolution
		{9D0C5F51-CCEC-4D66-9EC2-84DFA889B7E7}.Debug|Any CPU.ActiveCfg = Debug|Any CPU
		{9D0C5F51-CCEC-4D66-9EC2-84DFA889B7E7}.Debug|Any CPU.Build.0 = Debug|Any CPU
		{9D0C5F51-CCEC-4D66-9EC2-84DFA889B7E7}.Release|Any CPU.ActiveCfg = Release|Any CPU
		{9D0C5F51-CCEC-4D66-9EC2-84DFA889B7E7}.Release|Any CPU.Build.0 = Release|Any CPU
		{3E47656F-F7EA-4170-A665-E9B79D38E89B}.Debug|Any CPU.ActiveCfg = Debug|Any CPU
		{3E47656F-F7EA-4170-A665-E9B79D38E89B}.Debug|Any CPU.Build.0 = Debug|Any CPU
		{3E47656F-F7EA-4170-A665-E9B79D38E89B}.Release|Any CPU.ActiveCfg = Release|Any CPU
		{3E47656F-F7EA-4170-A665-E9B79D38E89B}.Release|Any CPU.Build.0 = Release|Any CPU
		{8169E843-781A-4609-9F44-7C856A7CBAF0}.Debug|Any CPU.ActiveCfg = Debug|Any CPU
		{8169E843-781A-4609-9F44-7C856A7CBAF0}.Debug|Any CPU.Build.0 = Debug|Any CPU
		{8169E843-781A-4609-9F44-7C856A7CBAF0}.Release|Any CPU.ActiveCfg = Release|Any CPU
		{8169E843-781A-4609-9F44-7C856A7CBAF0}.Release|Any CPU.Build.0 = Release|Any CPU
		{62D4DDAE-41E1-4ECE-BF5E-DBA2BBDAA349}.Debug|Any CPU.ActiveCfg = Debug|Any CPU
		{62D4DDAE-41E1-4ECE-BF5E-DBA2BBDAA349}.Debug|Any CPU.Build.0 = Debug|Any CPU
		{62D4DDAE-41E1-4ECE-BF5E-DBA2BBDAA349}.Release|Any CPU.ActiveCfg = Release|Any CPU
		{62D4DDAE-41E1-4ECE-BF5E-DBA2BBDAA349}.Release|Any CPU.Build.0 = Release|Any CPU
		{325C8F69-FA7D-4344-94DB-2D6A9F85AF21}.Debug|Any CPU.ActiveCfg = Debug|Any CPU
		{325C8F69-FA7D-4344-94DB-2D6A9F85AF21}.Debug|Any CPU.Build.0 = Debug|Any CPU
		{325C8F69-FA7D-4344-94DB-2D6A9F85AF21}.Release|Any CPU.ActiveCfg = Release|Any CPU
		{325C8F69-FA7D-4344-94DB-2D6A9F85AF21}.Release|Any CPU.Build.0 = Release|Any CPU
		{0245CA1D-C29B-45F8-910D-E78991E389A5}.Debug|Any CPU.ActiveCfg = Debug|Any CPU
		{0245CA1D-C29B-45F8-910D-E78991E389A5}.Debug|Any CPU.Build.0 = Debug|Any CPU
		{0245CA1D-C29B-45F8-910D-E78991E389A5}.Release|Any CPU.ActiveCfg = Release|Any CPU
		{0245CA1D-C29B-45F8-910D-E78991E389A5}.Release|Any CPU.Build.0 = Release|Any CPU
		{AC711364-E391-4A7C-A348-0454AF7FFB85}.Debug|Any CPU.ActiveCfg = Debug|Any CPU
		{AC711364-E391-4A7C-A348-0454AF7FFB85}.Debug|Any CPU.Build.0 = Debug|Any CPU
		{AC711364-E391-4A7C-A348-0454AF7FFB85}.Release|Any CPU.ActiveCfg = Release|Any CPU
		{AC711364-E391-4A7C-A348-0454AF7FFB85}.Release|Any CPU.Build.0 = Release|Any CPU
		{6C5E0325-FEBB-44C5-9AE6-CF49B2C423D6}.Debug|Any CPU.ActiveCfg = Debug|Any CPU
		{6C5E0325-FEBB-44C5-9AE6-CF49B2C423D6}.Debug|Any CPU.Build.0 = Debug|Any CPU
		{6C5E0325-FEBB-44C5-9AE6-CF49B2C423D6}.Release|Any CPU.ActiveCfg = Release|Any CPU
		{6C5E0325-FEBB-44C5-9AE6-CF49B2C423D6}.Release|Any CPU.Build.0 = Release|Any CPU
		{487EDE17-D4C9-4C89-BBF6-FABECE95B7FE}.Debug|Any CPU.ActiveCfg = Debug
		{487EDE17-D4C9-4C89-BBF6-FABECE95B7FE}.Debug|Any CPU.Build.0 = Debug
		{487EDE17-D4C9-4C89-BBF6-FABECE95B7FE}.Release|Any CPU.ActiveCfg = Release
		{487EDE17-D4C9-4C89-BBF6-FABECE95B7FE}.Release|Any CPU.Build.0 = Release
	EndGlobalSection
	GlobalSection(SolutionProperties) = preSolution
		HideSolutionNode = FALSE
	EndGlobalSection
	GlobalSection(NestedProjects) = preSolution
		{526404F2-F573-4B8F-9401-1978C5FD40D4} = {F2FD0A11-E7C0-4AD2-AECD-46D1FFB04CD2}
		{DC01988E-6AE3-4F0C-A1FF-83639253C4CA} = {F2FD0A11-E7C0-4AD2-AECD-46D1FFB04CD2}
		{9D0C5F51-CCEC-4D66-9EC2-84DFA889B7E7} = {526404F2-F573-4B8F-9401-1978C5FD40D4}
		{3E47656F-F7EA-4170-A665-E9B79D38E89B} = {5C32D044-CCE9-4053-A7E5-318EEC282AEF}
		{8169E843-781A-4609-9F44-7C856A7CBAF0} = {DC01988E-6AE3-4F0C-A1FF-83639253C4CA}
		{6C5E0325-FEBB-44C5-9AE6-CF49B2C423D6} = {DC01988E-6AE3-4F0C-A1FF-83639253C4CA}
		{325C8F69-FA7D-4344-94DB-2D6A9F85AF21} = {DC01988E-6AE3-4F0C-A1FF-83639253C4CA}
		{62D4DDAE-41E1-4ECE-BF5E-DBA2BBDAA349} = {65D8D529-229F-46E7-8773-185EED1A0CA7}
		{0245CA1D-C29B-45F8-910D-E78991E389A5} = {65D8D529-229F-46E7-8773-185EED1A0CA7}
		{AC711364-E391-4A7C-A348-0454AF7FFB85} = {65D8D529-229F-46E7-8773-185EED1A0CA7}
		{487EDE17-D4C9-4C89-BBF6-FABECE95B7FE} = {72B3C5C2-0E87-4FE7-AB41-C19C0C253C70}
	EndGlobalSection
EndGlobal
