
Microsoft Visual Studio Solution File, Format Version 10.00
# Visual Studio 2008
Project("{FAE04EC0-301F-11D3-BF4B-00C04F79EFBC}") = "LiveNation.Testing.Example", "LiveNation.Testing.Example\LiveNation.Testing.Example.csproj", "{9D0C5F51-CCEC-4D66-9EC2-84DFA889B7E7}"
EndProject
Project("{2150E333-8FDC-42A3-9474-1A3956D46DE8}") = "Tests", "Tests", "{F2FD0A11-E7C0-4AD2-AECD-46D1FFB04CD2}"
EndProject
Project("{2150E333-8FDC-42A3-9474-1A3956D46DE8}") = "UnitTests", "UnitTests", "{526404F2-F573-4B8F-9401-1978C5FD40D4}"
EndProject
Project("{2150E333-8FDC-42A3-9474-1A3956D46DE8}") = "ExampleProjects", "ExampleProjects", "{5C32D044-CCE9-4053-A7E5-318EEC282AEF}"
EndProject
Project("{2150E333-8FDC-42A3-9474-1A3956D46DE8}") = "AcceptanceTests", "AcceptanceTests", "{DC01988E-6AE3-4F0C-A1FF-83639253C4CA}"
EndProject
Project("{FAE04EC0-301F-11D3-BF4B-00C04F79EFBC}") = "LiveNation.Bowling", "LiveNation.Bowling\LiveNation.Bowling.csproj", "{3E47656F-F7EA-4170-A665-E9B79D38E89B}"
EndProject
Project("{FAE04EC0-301F-11D3-BF4B-00C04F79EFBC}") = "LiveNation.Testing.Release.v2_3.AcceptanceTests", "LiveNation.Testing.Release.2.3.AcceptanceTests\LiveNation.Testing.Release.v2_3.AcceptanceTests.csproj", "{8169E843-781A-4609-9F44-7C856A7CBAF0}"
EndProject
Project("{2150E333-8FDC-42A3-9474-1A3956D46DE8}") = "Src", "Src", "{65D8D529-229F-46E7-8773-185EED1A0CA7}"
EndProject
Project("{FAE04EC0-301F-11D3-BF4B-00C04F79EFBC}") = "LiveNation.Testing.Selenium.Domain", "LiveNation.Testing.Selenium.Domain\LiveNation.Testing.Selenium.Domain.csproj", "{E5DFDDDA-A1C7-40B2-B5E1-45AA492F37C1}"
EndProject
Project("{FAE04EC0-301F-11D3-BF4B-00C04F79EFBC}") = "LiveNation.Testing.Domain", "LiveNation.Testing.Domain\LiveNation.Testing.Domain.csproj", "{62D4DDAE-41E1-4ECE-BF5E-DBA2BBDAA349}"
EndProject
Project("{2150E333-8FDC-42A3-9474-1A3956D46DE8}") = "Smoke", "Smoke", "{7CBAA5F9-AA1B-4BCA-B5FA-8D3BA1690AF6}"
EndProject
Project("{FAE04EC0-301F-11D3-BF4B-00C04F79EFBC}") = "LiveNation.Testing.SmokeTests", "LiveNation.Testing.SmokeTests\LiveNation.Testing.SmokeTests.csproj", "{325C8F69-FA7D-4344-94DB-2D6A9F85AF21}"
EndProject
Global
	GlobalSection(SolutionConfigurationPlatforms) = preSolution
		Debug|Any CPU = Debug|Any CPU
		Release|Any CPU = Release|Any CPU
	EndGlobalSection
	GlobalSection(ProjectConfigurationPlatforms) = postSolution
		{9D0C5F51-CCEC-4D66-9EC2-84DFA889B7E7}.Debug|Any CPU.ActiveCfg = Debug|Any CPU
		{9D0C5F51-CCEC-4D66-9EC2-84DFA889B7E7}.Debug|Any CPU.Build.0 = Debug|Any CPU
		{9D0C5F51-CCEC-4D66-9EC2-84DFA889B7E7}.Release|Any CPU.ActiveCfg = Release|Any CPU
		{9D0C5F51-CCEC-4D66-9EC2-84DFA889B7E7}.Release|Any CPU.Build.0 = Release|Any CPU
		{3E47656F-F7EA-4170-A665-E9B79D38E89B}.Debug|Any CPU.ActiveCfg = Debug|Any CPU
		{3E47656F-F7EA-4170-A665-E9B79D38E89B}.Debug|Any CPU.Build.0 = Debug|Any CPU
		{3E47656F-F7EA-4170-A665-E9B79D38E89B}.Release|Any CPU.ActiveCfg = Release|Any CPU
		{3E47656F-F7EA-4170-A665-E9B79D38E89B}.Release|Any CPU.Build.0 = Release|Any CPU
		{8169E843-781A-4609-9F44-7C856A7CBAF0}.Debug|Any CPU.ActiveCfg = Debug|Any CPU
		{8169E843-781A-4609-9F44-7C856A7CBAF0}.Debug|Any CPU.Build.0 = Debug|Any CPU
		{8169E843-781A-4609-9F44-7C856A7CBAF0}.Release|Any CPU.ActiveCfg = Release|Any CPU
		{8169E843-781A-4609-9F44-7C856A7CBAF0}.Release|Any CPU.Build.0 = Release|Any CPU
		{E5DFDDDA-A1C7-40B2-B5E1-45AA492F37C1}.Debug|Any CPU.ActiveCfg = Debug|Any CPU
		{E5DFDDDA-A1C7-40B2-B5E1-45AA492F37C1}.Debug|Any CPU.Build.0 = Debug|Any CPU
		{E5DFDDDA-A1C7-40B2-B5E1-45AA492F37C1}.Release|Any CPU.ActiveCfg = Release|Any CPU
		{E5DFDDDA-A1C7-40B2-B5E1-45AA492F37C1}.Release|Any CPU.Build.0 = Release|Any CPU
		{62D4DDAE-41E1-4ECE-BF5E-DBA2BBDAA349}.Debug|Any CPU.ActiveCfg = Debug|Any CPU
		{62D4DDAE-41E1-4ECE-BF5E-DBA2BBDAA349}.Debug|Any CPU.Build.0 = Debug|Any CPU
		{62D4DDAE-41E1-4ECE-BF5E-DBA2BBDAA349}.Release|Any CPU.ActiveCfg = Release|Any CPU
		{62D4DDAE-41E1-4ECE-BF5E-DBA2BBDAA349}.Release|Any CPU.Build.0 = Release|Any CPU
		{325C8F69-FA7D-4344-94DB-2D6A9F85AF21}.Debug|Any CPU.ActiveCfg = Debug|Any CPU
		{325C8F69-FA7D-4344-94DB-2D6A9F85AF21}.Debug|Any CPU.Build.0 = Debug|Any CPU
		{325C8F69-FA7D-4344-94DB-2D6A9F85AF21}.Release|Any CPU.ActiveCfg = Release|Any CPU
		{325C8F69-FA7D-4344-94DB-2D6A9F85AF21}.Release|Any CPU.Build.0 = Release|Any CPU
	EndGlobalSection
	GlobalSection(SolutionProperties) = preSolution
		HideSolutionNode = FALSE
	EndGlobalSection
	GlobalSection(NestedProjects) = preSolution
		{526404F2-F573-4B8F-9401-1978C5FD40D4} = {F2FD0A11-E7C0-4AD2-AECD-46D1FFB04CD2}
		{DC01988E-6AE3-4F0C-A1FF-83639253C4CA} = {F2FD0A11-E7C0-4AD2-AECD-46D1FFB04CD2}
		{7CBAA5F9-AA1B-4BCA-B5FA-8D3BA1690AF6} = {F2FD0A11-E7C0-4AD2-AECD-46D1FFB04CD2}
		{9D0C5F51-CCEC-4D66-9EC2-84DFA889B7E7} = {526404F2-F573-4B8F-9401-1978C5FD40D4}
		{3E47656F-F7EA-4170-A665-E9B79D38E89B} = {5C32D044-CCE9-4053-A7E5-318EEC282AEF}
		{8169E843-781A-4609-9F44-7C856A7CBAF0} = {DC01988E-6AE3-4F0C-A1FF-83639253C4CA}
		{E5DFDDDA-A1C7-40B2-B5E1-45AA492F37C1} = {65D8D529-229F-46E7-8773-185EED1A0CA7}
		{62D4DDAE-41E1-4ECE-BF5E-DBA2BBDAA349} = {65D8D529-229F-46E7-8773-185EED1A0CA7}
		{325C8F69-FA7D-4344-94DB-2D6A9F85AF21} = {7CBAA5F9-AA1B-4BCA-B5FA-8D3BA1690AF6}
	EndGlobalSection
EndGlobal
