
Microsoft Visual Studio Solution File, Format Version 10.00
# Visual Studio 2008
Project("{FAE04EC0-301F-11D3-BF4B-00C04F79EFBC}") = "uSwitch.Facebook.Example", "uSwitch.Facebook.Example\uSwitch.Facebook.Example.csproj", "{7A98570C-3133-4C65-BC04-F0A7072FF042}"
EndProject
Project("{FAE04EC0-301F-11D3-BF4B-00C04F79EFBC}") = "Facebook", "Source\Facebook\Facebook.csproj", "{2CA46CD1-7165-4ED6-8918-C8E8D71A1EFA}"
EndProject
Project("{FAE04EC0-301F-11D3-BF4B-00C04F79EFBC}") = "Facebook.Extended", "ClassLibrary1\Facebook.Extended.csproj", "{3A5AFEBC-29CA-4E31-9502-48F4AE08508E}"
EndProject
Global
	GlobalSection(SolutionConfigurationPlatforms) = preSolution
		Debug|Any CPU = Debug|Any CPU
		Release|Any CPU = Release|Any CPU
	EndGlobalSection
	GlobalSection(ProjectConfigurationPlatforms) = postSolution
		{7A98570C-3133-4C65-BC04-F0A7072FF042}.Debug|Any CPU.ActiveCfg = Debug|Any CPU
		{7A98570C-3133-4C65-BC04-F0A7072FF042}.Debug|Any CPU.Build.0 = Debug|Any CPU
		{7A98570C-3133-4C65-BC04-F0A7072FF042}.Release|Any CPU.ActiveCfg = Release|Any CPU
		{7A98570C-3133-4C65-BC04-F0A7072FF042}.Release|Any CPU.Build.0 = Release|Any CPU
		{2CA46CD1-7165-4ED6-8918-C8E8D71A1EFA}.Debug|Any CPU.ActiveCfg = Debug|Any CPU
		{2CA46CD1-7165-4ED6-8918-C8E8D71A1EFA}.Debug|Any CPU.Build.0 = Debug|Any CPU
		{2CA46CD1-7165-4ED6-8918-C8E8D71A1EFA}.Release|Any CPU.ActiveCfg = Release|Any CPU
		{2CA46CD1-7165-4ED6-8918-C8E8D71A1EFA}.Release|Any CPU.Build.0 = Release|Any CPU
		{3A5AFEBC-29CA-4E31-9502-48F4AE08508E}.Debug|Any CPU.ActiveCfg = Debug|Any CPU
		{3A5AFEBC-29CA-4E31-9502-48F4AE08508E}.Debug|Any CPU.Build.0 = Debug|Any CPU
		{3A5AFEBC-29CA-4E31-9502-48F4AE08508E}.Release|Any CPU.ActiveCfg = Release|Any CPU
		{3A5AFEBC-29CA-4E31-9502-48F4AE08508E}.Release|Any CPU.Build.0 = Release|Any CPU
	EndGlobalSection
	GlobalSection(SolutionProperties) = preSolution
		HideSolutionNode = FALSE
	EndGlobalSection
EndGlobal
