
Microsoft Visual Studio Solution File, Format Version 10.00
# Visual Studio 2008
Project("{FAE04EC0-301F-11D3-BF4B-00C04F79EFBC}") = "uSwitch.Content.Domain", "uSwitch.Content.Domain\uSwitch.Content.Domain.csproj", "{3AC1293F-5D3B-4E50-8AC8-BB7294836078}"
EndProject
Project("{FAE04EC0-301F-11D3-BF4B-00C04F79EFBC}") = "uSwitch.Content.Service", "uSwitch.Content.Service\uSwitch.Content.Service.csproj", "{BAD44623-68DC-471E-BAEF-2AC7B5E4025C}"
EndProject
Project("{FAE04EC0-301F-11D3-BF4B-00C04F79EFBC}") = "uSwitch.Content.Templates", "uSwitch.Content.Templates\uSwitch.Content.Templates.csproj", "{FA0B6F4F-2727-4D94-B6A4-B90AA1424648}"
EndProject
Project("{FAE04EC0-301F-11D3-BF4B-00C04F79EFBC}") = "uSwitch.Content.Types", "uSwitch.Content.Types\uSwitch.Content.Types.csproj", "{E99CF0BB-EEC2-4F5A-ACF3-218E5D557DF7}"
EndProject
Project("{FAE04EC0-301F-11D3-BF4B-00C04F79EFBC}") = "uSwitch.Content.Publishing", "uSwitch.Content.Publish\uSwitch.Content.Publishing.csproj", "{8773779F-883F-48D2-B8E0-E4968965A2AC}"
EndProject
Project("{2150E333-8FDC-42A3-9474-1A3956D46DE8}") = "Tests", "Tests", "{64F8D04B-C210-41DF-B2B0-923149AE2862}"
EndProject
Project("{FAE04EC0-301F-11D3-BF4B-00C04F79EFBC}") = "uSwitch.Content.Domain.UnitTests", "uSwitch.Content.Domain.UnitTests\uSwitch.Content.Domain.UnitTests.csproj", "{B0FBCE60-4BB9-4C5B-97B4-F983E055FD1D}"
EndProject
Project("{2150E333-8FDC-42A3-9474-1A3956D46DE8}") = "Source", "Source", "{EA687F85-C388-4A88-B99F-B6A1BC3CEBDA}"
EndProject
Project("{2150E333-8FDC-42A3-9474-1A3956D46DE8}") = "UI", "UI", "{88BBA240-1653-4201-930B-577F2320324F}"
EndProject
Project("{FAE04EC0-301F-11D3-BF4B-00C04F79EFBC}") = "uSwitch.Content.CmsApplication", "uSwitch.Content.CmsApplication\uSwitch.Content.CmsApplication.csproj", "{342F2824-1A98-4985-BFC6-E25DA3AF1A84}"
EndProject
Project("{FAE04EC0-301F-11D3-BF4B-00C04F79EFBC}") = "uSwitch.Content.CmsApplication.UnitTests", "uSwitch.Content.CmsApplication.UnitTests\uSwitch.Content.CmsApplication.UnitTests.csproj", "{831FF8C5-1292-4FE1-AABE-64BF93526D6D}"
EndProject
Project("{FAE04EC0-301F-11D3-BF4B-00C04F79EFBC}") = "uSwitch.Content.CmsApplication.Core", "uSwitch.Content.CmsApplication.Core\uSwitch.Content.CmsApplication.Core.csproj", "{EF2256D3-2417-4EC1-8FFB-17C5157253B5}"
EndProject
Project("{2150E333-8FDC-42A3-9474-1A3956D46DE8}") = "Components", "Components", "{91A8E249-7CD1-4758-A7D6-50369BAEF1DD}"
EndProject
Project("{FAE04EC0-301F-11D3-BF4B-00C04F79EFBC}") = "uSwitch.Content.Common", "uSwitch.Content.Service.Dtos\uSwitch.Content.Common.csproj", "{93CDEC32-B957-46F2-AE6F-3BC0AFDDE88F}"
EndProject
Project("{FAE04EC0-301F-11D3-BF4B-00C04F79EFBC}") = "uSwitch.Content.IntegrationTests", "uSwitch.Content.IntegrationTests\uSwitch.Content.IntegrationTests.csproj", "{990EAE15-36EA-46EC-A335-F13C684FA2E0}"
EndProject
Global
	GlobalSection(SolutionConfigurationPlatforms) = preSolution
		Debug|Any CPU = Debug|Any CPU
		Release|Any CPU = Release|Any CPU
	EndGlobalSection
	GlobalSection(ProjectConfigurationPlatforms) = postSolution
		{3AC1293F-5D3B-4E50-8AC8-BB7294836078}.Debug|Any CPU.ActiveCfg = Debug|Any CPU
		{3AC1293F-5D3B-4E50-8AC8-BB7294836078}.Debug|Any CPU.Build.0 = Debug|Any CPU
		{3AC1293F-5D3B-4E50-8AC8-BB7294836078}.Release|Any CPU.ActiveCfg = Release|Any CPU
		{3AC1293F-5D3B-4E50-8AC8-BB7294836078}.Release|Any CPU.Build.0 = Release|Any CPU
		{BAD44623-68DC-471E-BAEF-2AC7B5E4025C}.Debug|Any CPU.ActiveCfg = Debug|Any CPU
		{BAD44623-68DC-471E-BAEF-2AC7B5E4025C}.Debug|Any CPU.Build.0 = Debug|Any CPU
		{BAD44623-68DC-471E-BAEF-2AC7B5E4025C}.Release|Any CPU.ActiveCfg = Release|Any CPU
		{BAD44623-68DC-471E-BAEF-2AC7B5E4025C}.Release|Any CPU.Build.0 = Release|Any CPU
		{FA0B6F4F-2727-4D94-B6A4-B90AA1424648}.Debug|Any CPU.ActiveCfg = Debug|Any CPU
		{FA0B6F4F-2727-4D94-B6A4-B90AA1424648}.Debug|Any CPU.Build.0 = Debug|Any CPU
		{FA0B6F4F-2727-4D94-B6A4-B90AA1424648}.Release|Any CPU.ActiveCfg = Release|Any CPU
		{FA0B6F4F-2727-4D94-B6A4-B90AA1424648}.Release|Any CPU.Build.0 = Release|Any CPU
		{E99CF0BB-EEC2-4F5A-ACF3-218E5D557DF7}.Debug|Any CPU.ActiveCfg = Debug|Any CPU
		{E99CF0BB-EEC2-4F5A-ACF3-218E5D557DF7}.Debug|Any CPU.Build.0 = Debug|Any CPU
		{E99CF0BB-EEC2-4F5A-ACF3-218E5D557DF7}.Release|Any CPU.ActiveCfg = Release|Any CPU
		{E99CF0BB-EEC2-4F5A-ACF3-218E5D557DF7}.Release|Any CPU.Build.0 = Release|Any CPU
		{8773779F-883F-48D2-B8E0-E4968965A2AC}.Debug|Any CPU.ActiveCfg = Debug|Any CPU
		{8773779F-883F-48D2-B8E0-E4968965A2AC}.Debug|Any CPU.Build.0 = Debug|Any CPU
		{8773779F-883F-48D2-B8E0-E4968965A2AC}.Release|Any CPU.ActiveCfg = Release|Any CPU
		{8773779F-883F-48D2-B8E0-E4968965A2AC}.Release|Any CPU.Build.0 = Release|Any CPU
		{B0FBCE60-4BB9-4C5B-97B4-F983E055FD1D}.Debug|Any CPU.ActiveCfg = Debug|Any CPU
		{B0FBCE60-4BB9-4C5B-97B4-F983E055FD1D}.Debug|Any CPU.Build.0 = Debug|Any CPU
		{B0FBCE60-4BB9-4C5B-97B4-F983E055FD1D}.Release|Any CPU.ActiveCfg = Release|Any CPU
		{B0FBCE60-4BB9-4C5B-97B4-F983E055FD1D}.Release|Any CPU.Build.0 = Release|Any CPU
		{342F2824-1A98-4985-BFC6-E25DA3AF1A84}.Debug|Any CPU.ActiveCfg = Debug|Any CPU
		{342F2824-1A98-4985-BFC6-E25DA3AF1A84}.Debug|Any CPU.Build.0 = Debug|Any CPU
		{342F2824-1A98-4985-BFC6-E25DA3AF1A84}.Release|Any CPU.ActiveCfg = Release|Any CPU
		{342F2824-1A98-4985-BFC6-E25DA3AF1A84}.Release|Any CPU.Build.0 = Release|Any CPU
		{831FF8C5-1292-4FE1-AABE-64BF93526D6D}.Debug|Any CPU.ActiveCfg = Debug|Any CPU
		{831FF8C5-1292-4FE1-AABE-64BF93526D6D}.Debug|Any CPU.Build.0 = Debug|Any CPU
		{831FF8C5-1292-4FE1-AABE-64BF93526D6D}.Release|Any CPU.ActiveCfg = Release|Any CPU
		{831FF8C5-1292-4FE1-AABE-64BF93526D6D}.Release|Any CPU.Build.0 = Release|Any CPU
		{EF2256D3-2417-4EC1-8FFB-17C5157253B5}.Debug|Any CPU.ActiveCfg = Debug|Any CPU
		{EF2256D3-2417-4EC1-8FFB-17C5157253B5}.Debug|Any CPU.Build.0 = Debug|Any CPU
		{EF2256D3-2417-4EC1-8FFB-17C5157253B5}.Release|Any CPU.ActiveCfg = Release|Any CPU
		{EF2256D3-2417-4EC1-8FFB-17C5157253B5}.Release|Any CPU.Build.0 = Release|Any CPU
		{93CDEC32-B957-46F2-AE6F-3BC0AFDDE88F}.Debug|Any CPU.ActiveCfg = Debug|Any CPU
		{93CDEC32-B957-46F2-AE6F-3BC0AFDDE88F}.Debug|Any CPU.Build.0 = Debug|Any CPU
		{93CDEC32-B957-46F2-AE6F-3BC0AFDDE88F}.Release|Any CPU.ActiveCfg = Release|Any CPU
		{93CDEC32-B957-46F2-AE6F-3BC0AFDDE88F}.Release|Any CPU.Build.0 = Release|Any CPU
		{990EAE15-36EA-46EC-A335-F13C684FA2E0}.Debug|Any CPU.ActiveCfg = Debug|Any CPU
		{990EAE15-36EA-46EC-A335-F13C684FA2E0}.Debug|Any CPU.Build.0 = Debug|Any CPU
		{990EAE15-36EA-46EC-A335-F13C684FA2E0}.Release|Any CPU.ActiveCfg = Release|Any CPU
		{990EAE15-36EA-46EC-A335-F13C684FA2E0}.Release|Any CPU.Build.0 = Release|Any CPU
	EndGlobalSection
	GlobalSection(SolutionProperties) = preSolution
		HideSolutionNode = FALSE
	EndGlobalSection
	GlobalSection(NestedProjects) = preSolution
		{BAD44623-68DC-471E-BAEF-2AC7B5E4025C} = {EA687F85-C388-4A88-B99F-B6A1BC3CEBDA}
		{93CDEC32-B957-46F2-AE6F-3BC0AFDDE88F} = {EA687F85-C388-4A88-B99F-B6A1BC3CEBDA}
		{3AC1293F-5D3B-4E50-8AC8-BB7294836078} = {EA687F85-C388-4A88-B99F-B6A1BC3CEBDA}
		{8773779F-883F-48D2-B8E0-E4968965A2AC} = {EA687F85-C388-4A88-B99F-B6A1BC3CEBDA}
		{E99CF0BB-EEC2-4F5A-ACF3-218E5D557DF7} = {91A8E249-7CD1-4758-A7D6-50369BAEF1DD}
		{FA0B6F4F-2727-4D94-B6A4-B90AA1424648} = {91A8E249-7CD1-4758-A7D6-50369BAEF1DD}
		{B0FBCE60-4BB9-4C5B-97B4-F983E055FD1D} = {64F8D04B-C210-41DF-B2B0-923149AE2862}
		{831FF8C5-1292-4FE1-AABE-64BF93526D6D} = {64F8D04B-C210-41DF-B2B0-923149AE2862}
		{990EAE15-36EA-46EC-A335-F13C684FA2E0} = {64F8D04B-C210-41DF-B2B0-923149AE2862}
		{342F2824-1A98-4985-BFC6-E25DA3AF1A84} = {88BBA240-1653-4201-930B-577F2320324F}
		{EF2256D3-2417-4EC1-8FFB-17C5157253B5} = {88BBA240-1653-4201-930B-577F2320324F}
	EndGlobalSection
EndGlobal
