
Microsoft Visual Studio Solution File, Format Version 10.00
# Visual Studio 2008
Project("{FAE04EC0-301F-11D3-BF4B-00C04F79EFBC}") = "LiveNation.ViewsPresentation", "LiveNation.ViewsPresentation\LiveNation.ViewsPresentation.csproj", "{AFE521D1-E6CB-48CD-91E2-4063C91A808C}"
EndProject
Global
	GlobalSection(SolutionConfigurationPlatforms) = preSolution
		Debug|Any CPU = Debug|Any CPU
		Release|Any CPU = Release|Any CPU
	EndGlobalSection
	GlobalSection(ProjectConfigurationPlatforms) = postSolution
		{AFE521D1-E6CB-48CD-91E2-4063C91A808C}.Debug|Any CPU.ActiveCfg = Debug|Any CPU
		{AFE521D1-E6CB-48CD-91E2-4063C91A808C}.Debug|Any CPU.Build.0 = Debug|Any CPU
		{AFE521D1-E6CB-48CD-91E2-4063C91A808C}.Release|Any CPU.ActiveCfg = Release|Any CPU
		{AFE521D1-E6CB-48CD-91E2-4063C91A808C}.Release|Any CPU.Build.0 = Release|Any CPU
	EndGlobalSection
	GlobalSection(SolutionProperties) = preSolution
		HideSolutionNode = FALSE
	EndGlobalSection
EndGlobal
